PODS:
  - CocoaLumberjack (3.4.1):
    - CocoaLumberjack/Default (= 3.4.1)
    - CocoaLumberjack/Extensions (= 3.4.1)
  - CocoaLumberjack/Default (3.4.1)
  - CocoaLumberjack/Extensions (3.4.1):
    - CocoaLumberjack/Default
  - GoogleMaps (2.5.0):
    - GoogleMaps/Maps (= 2.5.0)
  - GoogleMaps/Base (2.5.0)
  - GoogleMaps/Maps (2.5.0):
    - GoogleMaps/Base
  - React (0.51.1):
    - React/Core (= 0.51.1)
  - react-native-google-maps (0.20.1):
    - GoogleMaps (= 2.5.0)
    - React
  - react-native-maps (0.20.1):
    - React
  - React/BatchedBridge (0.51.1):
    - React/Core
    - React/cxxreact_legacy
  - React/Core (0.51.1):
    - yoga (= 0.51.1.React)
  - React/cxxreact_legacy (0.51.1):
    - React/jschelpers_legacy
  - React/fishhook (0.51.1)
  - React/jschelpers_legacy (0.51.1)
  - React/RCTActionSheet (0.51.1):
    - React/Core
  - React/RCTAnimation (0.51.1):
    - React/Core
  - React/RCTBlob (0.51.1):
    - React/Core
  - React/RCTGeolocation (0.51.1):
    - React/Core
  - React/RCTImage (0.51.1):
    - React/Core
    - React/RCTNetwork
  - React/RCTLinkingIOS (0.51.1):
    - React/Core
  - React/RCTNetwork (0.51.1):
    - React/Core
  - React/RCTSettings (0.51.1):
    - React/Core
  - React/RCTText (0.51.1):
    - React/Core
  - React/RCTVibration (0.51.1):
    - React/Core
  - React/RCTWebSocket (0.51.1):
    - React/Core
    - React/fishhook
    - React/RCTBlob
  - RNBackgroundFetch (2.3.0):
    - React
  - RNBackgroundGeolocation (2.11.0):
    - CocoaLumberjack (~> 3.0)
    - React
  - yoga (0.51.1.React)

DEPENDENCIES:
  - GoogleMaps
  - React (from `../node_modules/react-native`)
  - react-native-google-maps (from `../node_modules/react-native-maps`)
  - react-native-maps (from `../node_modules/react-native-maps`)
  - React/BatchedBridge (from `../node_modules/react-native`)
  - React/Core (from `../node_modules/react-native`)
  - React/RCTActionSheet (from `../node_modules/react-native`)
  - React/RCTAnimation (from `../node_modules/react-native`)
  - React/RCTGeolocation (from `../node_modules/react-native`)
  - React/RCTImage (from `../node_modules/react-native`)
  - React/RCTLinkingIOS (from `../node_modules/react-native`)
  - React/RCTNetwork (from `../node_modules/react-native`)
  - React/RCTSettings (from `../node_modules/react-native`)
  - React/RCTText (from `../node_modules/react-native`)
  - React/RCTVibration (from `../node_modules/react-native`)
  - React/RCTWebSocket (from `../node_modules/react-native`)
  - RNBackgroundFetch (from `../node_modules/react-native-background-fetch`)
  - RNBackgroundGeolocation (from `../node_modules/react-native-background-geolocation`)
  - yoga (from `../node_modules/react-native/ReactCommon/yoga/yoga.podspec`)

EXTERNAL SOURCES:
  React:
    :path: ../node_modules/react-native
  react-native-google-maps:
    :path: ../node_modules/react-native-maps
  react-native-maps:
    :path: ../node_modules/react-native-maps
  RNBackgroundFetch:
    :path: ../node_modules/react-native-background-fetch
  RNBackgroundGeolocation:
    :path: ../node_modules/react-native-background-geolocation
  yoga:
    :path: ../node_modules/react-native/ReactCommon/yoga/yoga.podspec

SPEC CHECKSUMS:
  CocoaLumberjack: 2e258a064cacc8eb9a2aca318e24d02a0a7fd56d
  GoogleMaps: c087b8e5dfe87ca6ebf59adb9b4894a4146bec4f
  React: 541ba768b9855e10cdc76f55427a5cd0653ca806
  react-native-google-maps: 963fc78a5ac32dad3a726e4fa08b5307faa5cab2
  react-native-maps: 066c2afcc89e18726377bcc685315f989ca22449
  RNBackgroundFetch: 8c4f77f83c398c659bce82af2f0a885079417b9e
  RNBackgroundGeolocation: c9bbf69b9aa277f0b46754cc5f853bd26051a18f
  yoga: 17521bbb0dd54a47c0b3ac43253e78cdac7488e0

PODFILE CHECKSUM: ec69931034e78ae6069d5bbf91c59530541228e9

COCOAPODS: 1.4.0
